
Microsoft Visual Studio Solution File, Format Version 12.00
Project("{2150E333-8FDC-42A3-9474-1A3956D46DE8}") = "Chat", "Chat", "{CF76941F-AA27-49CA-B273-EDBD93F28F03}"
EndProject
Project("{FAE04EC0-301F-11D3-BF4B-00C04F79EFBC}") = "FloppyBot.Chat.Tests", "FloppyBot.Chat.Tests\FloppyBot.Chat.Tests.csproj", "{67258FB8-8B58-4F1B-B099-3F177074B50F}"
EndProject
Project("{FAE04EC0-301F-11D3-BF4B-00C04F79EFBC}") = "FloppyBot.Chat", "FloppyBot.Chat\FloppyBot.Chat.csproj", "{55B7F8B6-5BAF-4BC3-AD6F-EBBE3B0244C7}"
EndProject
Project("{2150E333-8FDC-42A3-9474-1A3956D46DE8}") = "Base", "Base", "{7F239034-8411-4F30-9E57-B0F5B4F9E1EA}"
EndProject
Project("{FAE04EC0-301F-11D3-BF4B-00C04F79EFBC}") = "FloppyBot.Base.EquatableCollections", "FloppyBot.Base.EquatableCollections\FloppyBot.Base.EquatableCollections.csproj", "{EF4C031C-53F5-4EFA-B843-C3E04D15DFFC}"
EndProject
Project("{FAE04EC0-301F-11D3-BF4B-00C04F79EFBC}") = "FloppyBot.Base.Tests", "FloppyBot.Base.Tests\FloppyBot.Base.Tests.csproj", "{86A73693-A198-4878-9DFC-304F1BB26C55}"
EndProject
Project("{FAE04EC0-301F-11D3-BF4B-00C04F79EFBC}") = "FloppyBot.Chat.Twitch", "FloppyBot.Chat.Twitch\FloppyBot.Chat.Twitch.csproj", "{3B4E2962-1152-4A10-A320-591690CB61DE}"
EndProject
Project("{FAE04EC0-301F-11D3-BF4B-00C04F79EFBC}") = "FloppyBot.Chat.Twitch.Tests", "FloppyBot.Chat.Twitch.Tests\FloppyBot.Chat.Twitch.Tests.csproj", "{61FF8262-384B-4898-A219-1A068DA18BA9}"
EndProject
Project("{FAE04EC0-301F-11D3-BF4B-00C04F79EFBC}") = "FloppyBot.Base.Testing", "FloppyBot.Base.Testing\FloppyBot.Base.Testing.csproj", "{1404EDC1-5BAF-4A98-A122-CB08B017B8DD}"
EndProject
Project("{2150E333-8FDC-42A3-9474-1A3956D46DE8}") = "Twitch", "Twitch", "{374B5765-6FDD-4876-AEB0-9CAB04C58472}"
EndProject
Project("{2150E333-8FDC-42A3-9474-1A3956D46DE8}") = "Discord", "Discord", "{35047F63-691E-4553-8215-88DBB3802F56}"
EndProject
Project("{FAE04EC0-301F-11D3-BF4B-00C04F79EFBC}") = "FloppyBot.Chat.Discord", "FloppyBot.Chat.Discord\FloppyBot.Chat.Discord.csproj", "{1EAC9FAE-50B9-4C0C-A588-0F951B3D6F17}"
EndProject
Project("{FAE04EC0-301F-11D3-BF4B-00C04F79EFBC}") = "FloppyBot.Chat.Discord.Tests", "FloppyBot.Chat.Discord.Tests\FloppyBot.Chat.Discord.Tests.csproj", "{D56CB9BC-44A3-4BE0-8DE2-D90635435B8E}"
EndProject
Project("{FAE04EC0-301F-11D3-BF4B-00C04F79EFBC}") = "FloppyBot.Chat.Agent", "FloppyBot.Chat.Agent\FloppyBot.Chat.Agent.csproj", "{2D242F67-A446-481E-B199-D80EC70DD2B1}"
EndProject
Project("{FAE04EC0-301F-11D3-BF4B-00C04F79EFBC}") = "FloppyBot.Base.Logging", "FloppyBot.Base.Logging\FloppyBot.Base.Logging.csproj", "{159AAC30-157C-4F14-A17C-D5635D5A1DD4}"
EndProject
Project("{FAE04EC0-301F-11D3-BF4B-00C04F79EFBC}") = "FloppyBot.Base.Configuration", "FloppyBot.Base.Configuration\FloppyBot.Base.Configuration.csproj", "{42710246-D2F2-4971-B058-0DDE840859C5}"
EndProject
Project("{2150E333-8FDC-42A3-9474-1A3956D46DE8}") = "Communication", "Communication", "{8A108F9D-F458-4DA5-A986-60521EC60BF7}"
EndProject
Project("{FAE04EC0-301F-11D3-BF4B-00C04F79EFBC}") = "FloppyBot.Communication", "FloppyBot.Communication\FloppyBot.Communication.csproj", "{A818EFAF-2752-4FAB-AC14-6D38DB64267B}"
EndProject
Project("{FAE04EC0-301F-11D3-BF4B-00C04F79EFBC}") = "FloppyBot.Communication.Redis", "FloppyBot.Communication.Redis\FloppyBot.Communication.Redis.csproj", "{541C64C8-028D-4F72-93DD-956EB4FAEE4F}"
EndProject
Project("{FAE04EC0-301F-11D3-BF4B-00C04F79EFBC}") = "FloppyBot.Base.TextFormatting", "FloppyBot.Base.TextFormatting\FloppyBot.Base.TextFormatting.csproj", "{07366644-BB6B-4F22-8D6D-36A27ADFAC52}"
EndProject
Project("{FAE04EC0-301F-11D3-BF4B-00C04F79EFBC}") = "FloppyBot.Base.Configuration.Tests", "FloppyBot.Base.Configuration.Tests\FloppyBot.Base.Configuration.Tests.csproj", "{F57AE64E-1A31-4C61-BB7D-05D27F0CEECC}"
EndProject
Project("{FAE04EC0-301F-11D3-BF4B-00C04F79EFBC}") = "FloppyBot.Communication.Redis.Tests", "FloppyBot.Communication.Redis.Tests\FloppyBot.Communication.Redis.Tests.csproj", "{8A414818-A949-416A-A2DD-45D19D8D687A}"
EndProject
Project("{2150E333-8FDC-42A3-9474-1A3956D46DE8}") = "Commands", "Commands", "{6D6EECC1-FEDD-474E-91FD-9406E9CF88F6}"
EndProject
Project("{FAE04EC0-301F-11D3-BF4B-00C04F79EFBC}") = "FloppyBot.Commands.Parser", "FloppyBot.Commands.Parser\FloppyBot.Commands.Parser.csproj", "{ACEE1691-04EC-4471-BB20-0B37B106F3BE}"
EndProject
Project("{FAE04EC0-301F-11D3-BF4B-00C04F79EFBC}") = "FloppyBot.Commands.Parser.Tests", "FloppyBot.Commands.Parser.Tests\FloppyBot.Commands.Parser.Tests.csproj", "{7E445B00-6021-4FDB-A681-FC855DA39D78}"
EndProject
Project("{FAE04EC0-301F-11D3-BF4B-00C04F79EFBC}") = "FloppyBot.Commands.Parser.Agent", "FloppyBot.Commands.Parser.Agent\FloppyBot.Commands.Parser.Agent.csproj", "{303A7ED1-BB8B-444B-8620-68587E84EDB6}"
EndProject
Project("{2150E333-8FDC-42A3-9474-1A3956D46DE8}") = "Parser", "Parser", "{45B5E62D-4999-4F6C-8C59-A94B7D3F7B0F}"
EndProject
Project("{2150E333-8FDC-42A3-9474-1A3956D46DE8}") = "Executor", "Executor", "{768C448D-1153-4386-A747-177C29BB2E8E}"
EndProject
Project("{2150E333-8FDC-42A3-9474-1A3956D46DE8}") = "Console", "Console", "{683F1685-08D1-466E-A572-2912D1C80CE9}"
EndProject
Project("{FAE04EC0-301F-11D3-BF4B-00C04F79EFBC}") = "FloppyBot.Chat.Console.Agent", "FloppyBot.Chat.Console.Agent\FloppyBot.Chat.Console.Agent.csproj", "{C9A5D9A3-75CC-4D7E-9C49-CB4BE51E87B1}"
EndProject
Project("{FAE04EC0-301F-11D3-BF4B-00C04F79EFBC}") = "FloppyBot.Commands.Executor.Agent", "FloppyBot.Commands.Executor.Agent\FloppyBot.Commands.Executor.Agent.csproj", "{8F4155B5-2D3A-4863-A668-0434F7BBC395}"
EndProject
Project("{FAE04EC0-301F-11D3-BF4B-00C04F79EFBC}") = "FloppyBot.Commands.Parser.Entities", "FloppyBot.Commands.Parser.Entities\FloppyBot.Commands.Parser.Entities.csproj", "{2EB67611-E7D8-477A-A381-C5010B032A51}"
EndProject
Project("{FAE04EC0-301F-11D3-BF4B-00C04F79EFBC}") = "FloppyBot.Commands.Executor.Agent.Tests", "FloppyBot.Commands.Executor.Agent.Tests\FloppyBot.Commands.Executor.Agent.Tests.csproj", "{E9D73033-0EEB-494F-87C4-7B3F196B012F}"
EndProject
Project("{2150E333-8FDC-42A3-9474-1A3956D46DE8}") = "Version", "Version", "{3C84BF62-37D5-4EEB-A458-2D82AAF9008A}"
EndProject
Project("{FAE04EC0-301F-11D3-BF4B-00C04F79EFBC}") = "FloppyBot.Version", "FloppyBot.Version\FloppyBot.Version.csproj", "{3C519309-BB9D-4D07-B531-91E9A8E1E4DD}"
EndProject
Project("{2150E333-8FDC-42A3-9474-1A3956D46DE8}") = "Core", "Core", "{4765C187-070B-40C9-8DC6-38006E8DA501}"
EndProject
Project("{FAE04EC0-301F-11D3-BF4B-00C04F79EFBC}") = "FloppyBot.Commands.Core", "FloppyBot.Commands.Core\FloppyBot.Commands.Core.csproj", "{5E56F592-4198-49BB-B2B6-1A9A9685F51E}"
EndProject
Project("{FAE04EC0-301F-11D3-BF4B-00C04F79EFBC}") = "FloppyBot.Commands.Core.Tests", "FloppyBot.Commands.Core.Tests\FloppyBot.Commands.Core.Tests.csproj", "{8B6BB80F-AF31-4DF7-874C-9E9701A98F69}"
EndProject
Project("{2150E333-8FDC-42A3-9474-1A3956D46DE8}") = "Aux", "Aux", "{EBBD7204-782A-4642-AFBF-F52D97C0B985}"
EndProject
Project("{FAE04EC0-301F-11D3-BF4B-00C04F79EFBC}") = "FloppyBot.Commands.Aux.Twitch", "FloppyBot.Commands.Aux.Twitch\FloppyBot.Commands.Aux.Twitch.csproj", "{51173F3A-A263-4645-BF42-81635D8F169F}"
EndProject
Project("{FAE04EC0-301F-11D3-BF4B-00C04F79EFBC}") = "FloppyBot.Base.BinLoader", "FloppyBot.Base.BinLoader\FloppyBot.Base.BinLoader.csproj", "{92F045DB-AF75-4B4A-A762-8F4FB51FE30D}"
EndProject
Project("{2150E333-8FDC-42A3-9474-1A3956D46DE8}") = "Storage", "Storage", "{AF31BD9B-2F13-42AC-80CF-DDCB2F9E316B}"
EndProject
Project("{FAE04EC0-301F-11D3-BF4B-00C04F79EFBC}") = "FloppyBot.Base.Storage", "FloppyBot.Base.Storage\FloppyBot.Base.Storage.csproj", "{0E6CF011-BCA1-4081-A296-3B7FE8F7687C}"
EndProject
Project("{FAE04EC0-301F-11D3-BF4B-00C04F79EFBC}") = "FloppyBot.Base.Storage.LiteDb", "FloppyBot.Base.Storage.LiteDb\FloppyBot.Base.Storage.LiteDb.csproj", "{F3589958-47F4-4C5B-B399-9F4E38866877}"
EndProject
Project("{FAE04EC0-301F-11D3-BF4B-00C04F79EFBC}") = "FloppyBot.Base.Storage.MongoDb", "FloppyBot.Base.Storage.MongoDb\FloppyBot.Base.Storage.MongoDb.csproj", "{D94B7F60-D5E3-4E72-9B47-DD29B2774F79}"
EndProject
Project("{FAE04EC0-301F-11D3-BF4B-00C04F79EFBC}") = "FloppyBot.Commands.Aux.Twitch.Tests", "FloppyBot.Commands.Aux.Twitch.Tests\FloppyBot.Commands.Aux.Twitch.Tests.csproj", "{BB23ECE4-1701-4FD8-9290-E412A8BF8F6A}"
EndProject
Project("{2150E333-8FDC-42A3-9474-1A3956D46DE8}") = "Twitch", "Twitch", "{FEC264C0-C683-4D4B-B026-A1DBE584F406}"
EndProject
Project("{2150E333-8FDC-42A3-9474-1A3956D46DE8}") = "Quotes", "Quotes", "{68B5B1C4-2CE8-4352-85F6-99969D0A2CDE}"
EndProject
Project("{FAE04EC0-301F-11D3-BF4B-00C04F79EFBC}") = "FloppyBot.Commands.Aux.Quotes", "FloppyBot.Commands.Aux.Quotes\FloppyBot.Commands.Aux.Quotes.csproj", "{D745C804-9F03-4B33-92FA-65B8318DFD0C}"
EndProject
Project("{FAE04EC0-301F-11D3-BF4B-00C04F79EFBC}") = "FloppyBot.Commands.Aux.Quotes.Tests", "FloppyBot.Commands.Aux.Quotes.Tests\FloppyBot.Commands.Aux.Quotes.Tests.csproj", "{E8BFA787-DF32-433E-9B51-5730242B8928}"
EndProject
Project("{FAE04EC0-301F-11D3-BF4B-00C04F79EFBC}") = "FloppyBot.Base.Clock", "FloppyBot.Base.Clock\FloppyBot.Base.Clock.csproj", "{6FE0B539-F2F2-45EC-99C6-47DA56D293D7}"
EndProject
Project("{FAE04EC0-301F-11D3-BF4B-00C04F79EFBC}") = "FloppyBot.Base.Rng", "FloppyBot.Base.Rng\FloppyBot.Base.Rng.csproj", "{AE2EBDF7-DF7B-4BCB-AFC0-55697343937C}"
EndProject
Project("{2150E333-8FDC-42A3-9474-1A3956D46DE8}") = "Web API", "Web API", "{C02AD856-26DD-4559-BAF3-74A036ED5EA1}"
EndProject
Project("{FAE04EC0-301F-11D3-BF4B-00C04F79EFBC}") = "FloppyBot.WebApi.Agent", "FloppyBot.WebApi.Agent\FloppyBot.WebApi.Agent.csproj", "{618FAD1C-6E39-4037-AD5F-BC4578352F9D}"
EndProject
Project("{FAE04EC0-301F-11D3-BF4B-00C04F79EFBC}") = "FloppyBot.WebApi.V1Compatibility", "FloppyBot.WebApi.V1Compatibility\FloppyBot.WebApi.V1Compatibility.csproj", "{67481CFE-346E-473A-9B16-13F545F20EC0}"
EndProject
Project("{FAE04EC0-301F-11D3-BF4B-00C04F79EFBC}") = "FloppyBot.WebApi.Auth", "FloppyBot.WebApi.Auth\FloppyBot.WebApi.Auth.csproj", "{BB8E7910-2797-437D-B2BA-5F25D6622564}"
EndProject
Project("{FAE04EC0-301F-11D3-BF4B-00C04F79EFBC}") = "FloppyBot.WebApi.Base", "FloppyBot.WebApi.Base\FloppyBot.WebApi.Base.csproj", "{4934C60A-E6BB-4239-8B90-65252B8B3491}"
EndProject
Project("{2150E333-8FDC-42A3-9474-1A3956D46DE8}") = "Registry", "Registry", "{1FD179E4-3C43-468D-8335-8733002ACFA2}"
EndProject
Project("{FAE04EC0-301F-11D3-BF4B-00C04F79EFBC}") = "FloppyBot.Commands.Registry", "FloppyBot.Commands.Registry\FloppyBot.Commands.Registry.csproj", "{E93C138C-DCFD-4127-B894-4E5231369159}"
EndProject
Project("{2150E333-8FDC-42A3-9474-1A3956D46DE8}") = "HealthCheck", "HealthCheck", "{335F3E0E-B972-4F18-B3B5-4323A46C0A6E}"
EndProject
Project("{FAE04EC0-301F-11D3-BF4B-00C04F79EFBC}") = "FloppyBot.HealthCheck.Core", "FloppyBot.HealthCheck.Core\FloppyBot.HealthCheck.Core.csproj", "{8C1B7C87-8A2F-43C1-B9E3-309E643046B0}"
EndProject
Project("{2150E333-8FDC-42A3-9474-1A3956D46DE8}") = "Cron", "Cron", "{8C05047D-6665-4816-A5A3-A8EDBFD48103}"
EndProject
Project("{FAE04EC0-301F-11D3-BF4B-00C04F79EFBC}") = "FloppyBot.Base.Cron", "FloppyBot.Base.Cron\FloppyBot.Base.Cron.csproj", "{59476942-4650-4AB1-A126-B041BCFEAE03}"
EndProject
Project("{FAE04EC0-301F-11D3-BF4B-00C04F79EFBC}") = "FloppyBot.HealthCheck.Receiver", "FloppyBot.HealthCheck.Receiver\FloppyBot.HealthCheck.Receiver.csproj", "{795B3128-F662-4546-80E0-B73B2097AF58}"
EndProject
Project("{FAE04EC0-301F-11D3-BF4B-00C04F79EFBC}") = "FloppyBot.HealthCheck.KillSwitch", "FloppyBot.HealthCheck.KillSwitch\FloppyBot.HealthCheck.KillSwitch.csproj", "{5DA9A4F0-FF2F-4022-B490-A7DC960E7551}"
EndProject
Project("{2150E333-8FDC-42A3-9474-1A3956D46DE8}") = "Custom", "Custom", "{EB2C4423-A34B-4287-B7A1-F2E83E9EE935}"
EndProject
Project("{FAE04EC0-301F-11D3-BF4B-00C04F79EFBC}") = "FloppyBot.Commands.Custom.Storage", "FloppyBot.Commands.Custom.Storage\FloppyBot.Commands.Custom.Storage.csproj", "{BC26BEB2-4CB7-4EAF-BA4E-1DF9452ED52D}"
EndProject
Project("{FAE04EC0-301F-11D3-BF4B-00C04F79EFBC}") = "FloppyBot.Commands.Custom.Tests", "FloppyBot.Commands.Custom.Tests\FloppyBot.Commands.Custom.Tests.csproj", "{FEF38D6D-1C5B-4E2A-8E45-EC788F8E5839}"
EndProject
Project("{FAE04EC0-301F-11D3-BF4B-00C04F79EFBC}") = "FloppyBot.Commands.Custom.Execution", "FloppyBot.Commands.Custom.Execution\FloppyBot.Commands.Custom.Execution.csproj", "{5C3AE7A4-17C8-4317-97A2-6C540AF8FD87}"
EndProject
Project("{FAE04EC0-301F-11D3-BF4B-00C04F79EFBC}") = "FloppyBot.Base.Extensions", "FloppyBot.Base.Extensions\FloppyBot.Base.Extensions.csproj", "{F844D228-57D4-47BE-B176-1EB7E7EA4AB6}"
EndProject
Project("{2150E333-8FDC-42A3-9474-1A3956D46DE8}") = "FIleStorage", "FIleStorage", "{282A2EF5-E0CE-47BE-832A-B43B1E447287}"
EndProject
Project("{FAE04EC0-301F-11D3-BF4B-00C04F79EFBC}") = "FloppyBot.FileStorage", "FloppyBot.FileStorage\FloppyBot.FileStorage.csproj", "{B681BADE-684E-40B8-8178-F324E78D0C5C}"
EndProject
Global
	GlobalSection(SolutionConfigurationPlatforms) = preSolution
		Debug|Any CPU = Debug|Any CPU
		Release|Any CPU = Release|Any CPU
	EndGlobalSection
	GlobalSection(NestedProjects) = preSolution
		{67258FB8-8B58-4F1B-B099-3F177074B50F} = {CF76941F-AA27-49CA-B273-EDBD93F28F03}
		{55B7F8B6-5BAF-4BC3-AD6F-EBBE3B0244C7} = {CF76941F-AA27-49CA-B273-EDBD93F28F03}
		{EF4C031C-53F5-4EFA-B843-C3E04D15DFFC} = {7F239034-8411-4F30-9E57-B0F5B4F9E1EA}
		{86A73693-A198-4878-9DFC-304F1BB26C55} = {7F239034-8411-4F30-9E57-B0F5B4F9E1EA}
		{1404EDC1-5BAF-4A98-A122-CB08B017B8DD} = {7F239034-8411-4F30-9E57-B0F5B4F9E1EA}
		{374B5765-6FDD-4876-AEB0-9CAB04C58472} = {CF76941F-AA27-49CA-B273-EDBD93F28F03}
		{35047F63-691E-4553-8215-88DBB3802F56} = {CF76941F-AA27-49CA-B273-EDBD93F28F03}
		{3B4E2962-1152-4A10-A320-591690CB61DE} = {374B5765-6FDD-4876-AEB0-9CAB04C58472}
		{61FF8262-384B-4898-A219-1A068DA18BA9} = {374B5765-6FDD-4876-AEB0-9CAB04C58472}
		{1EAC9FAE-50B9-4C0C-A588-0F951B3D6F17} = {35047F63-691E-4553-8215-88DBB3802F56}
		{D56CB9BC-44A3-4BE0-8DE2-D90635435B8E} = {35047F63-691E-4553-8215-88DBB3802F56}
		{2D242F67-A446-481E-B199-D80EC70DD2B1} = {CF76941F-AA27-49CA-B273-EDBD93F28F03}
		{159AAC30-157C-4F14-A17C-D5635D5A1DD4} = {7F239034-8411-4F30-9E57-B0F5B4F9E1EA}
		{42710246-D2F2-4971-B058-0DDE840859C5} = {7F239034-8411-4F30-9E57-B0F5B4F9E1EA}
		{A818EFAF-2752-4FAB-AC14-6D38DB64267B} = {8A108F9D-F458-4DA5-A986-60521EC60BF7}
		{541C64C8-028D-4F72-93DD-956EB4FAEE4F} = {8A108F9D-F458-4DA5-A986-60521EC60BF7}
		{07366644-BB6B-4F22-8D6D-36A27ADFAC52} = {7F239034-8411-4F30-9E57-B0F5B4F9E1EA}
		{F57AE64E-1A31-4C61-BB7D-05D27F0CEECC} = {7F239034-8411-4F30-9E57-B0F5B4F9E1EA}
		{8A414818-A949-416A-A2DD-45D19D8D687A} = {8A108F9D-F458-4DA5-A986-60521EC60BF7}
		{45B5E62D-4999-4F6C-8C59-A94B7D3F7B0F} = {6D6EECC1-FEDD-474E-91FD-9406E9CF88F6}
		{ACEE1691-04EC-4471-BB20-0B37B106F3BE} = {45B5E62D-4999-4F6C-8C59-A94B7D3F7B0F}
		{303A7ED1-BB8B-444B-8620-68587E84EDB6} = {45B5E62D-4999-4F6C-8C59-A94B7D3F7B0F}
		{7E445B00-6021-4FDB-A681-FC855DA39D78} = {45B5E62D-4999-4F6C-8C59-A94B7D3F7B0F}
		{768C448D-1153-4386-A747-177C29BB2E8E} = {6D6EECC1-FEDD-474E-91FD-9406E9CF88F6}
		{683F1685-08D1-466E-A572-2912D1C80CE9} = {CF76941F-AA27-49CA-B273-EDBD93F28F03}
		{C9A5D9A3-75CC-4D7E-9C49-CB4BE51E87B1} = {683F1685-08D1-466E-A572-2912D1C80CE9}
		{8F4155B5-2D3A-4863-A668-0434F7BBC395} = {768C448D-1153-4386-A747-177C29BB2E8E}
		{2EB67611-E7D8-477A-A381-C5010B032A51} = {45B5E62D-4999-4F6C-8C59-A94B7D3F7B0F}
		{E9D73033-0EEB-494F-87C4-7B3F196B012F} = {768C448D-1153-4386-A747-177C29BB2E8E}
		{3C519309-BB9D-4D07-B531-91E9A8E1E4DD} = {3C84BF62-37D5-4EEB-A458-2D82AAF9008A}
		{4765C187-070B-40C9-8DC6-38006E8DA501} = {6D6EECC1-FEDD-474E-91FD-9406E9CF88F6}
		{5E56F592-4198-49BB-B2B6-1A9A9685F51E} = {4765C187-070B-40C9-8DC6-38006E8DA501}
		{8B6BB80F-AF31-4DF7-874C-9E9701A98F69} = {4765C187-070B-40C9-8DC6-38006E8DA501}
		{EBBD7204-782A-4642-AFBF-F52D97C0B985} = {6D6EECC1-FEDD-474E-91FD-9406E9CF88F6}
		{92F045DB-AF75-4B4A-A762-8F4FB51FE30D} = {7F239034-8411-4F30-9E57-B0F5B4F9E1EA}
		{AF31BD9B-2F13-42AC-80CF-DDCB2F9E316B} = {7F239034-8411-4F30-9E57-B0F5B4F9E1EA}
		{0E6CF011-BCA1-4081-A296-3B7FE8F7687C} = {AF31BD9B-2F13-42AC-80CF-DDCB2F9E316B}
		{F3589958-47F4-4C5B-B399-9F4E38866877} = {AF31BD9B-2F13-42AC-80CF-DDCB2F9E316B}
		{D94B7F60-D5E3-4E72-9B47-DD29B2774F79} = {AF31BD9B-2F13-42AC-80CF-DDCB2F9E316B}
		{FEC264C0-C683-4D4B-B026-A1DBE584F406} = {EBBD7204-782A-4642-AFBF-F52D97C0B985}
		{51173F3A-A263-4645-BF42-81635D8F169F} = {FEC264C0-C683-4D4B-B026-A1DBE584F406}
		{BB23ECE4-1701-4FD8-9290-E412A8BF8F6A} = {FEC264C0-C683-4D4B-B026-A1DBE584F406}
		{68B5B1C4-2CE8-4352-85F6-99969D0A2CDE} = {EBBD7204-782A-4642-AFBF-F52D97C0B985}
		{D745C804-9F03-4B33-92FA-65B8318DFD0C} = {68B5B1C4-2CE8-4352-85F6-99969D0A2CDE}
		{E8BFA787-DF32-433E-9B51-5730242B8928} = {68B5B1C4-2CE8-4352-85F6-99969D0A2CDE}
		{6FE0B539-F2F2-45EC-99C6-47DA56D293D7} = {7F239034-8411-4F30-9E57-B0F5B4F9E1EA}
		{AE2EBDF7-DF7B-4BCB-AFC0-55697343937C} = {7F239034-8411-4F30-9E57-B0F5B4F9E1EA}
		{618FAD1C-6E39-4037-AD5F-BC4578352F9D} = {C02AD856-26DD-4559-BAF3-74A036ED5EA1}
		{67481CFE-346E-473A-9B16-13F545F20EC0} = {C02AD856-26DD-4559-BAF3-74A036ED5EA1}
		{BB8E7910-2797-437D-B2BA-5F25D6622564} = {C02AD856-26DD-4559-BAF3-74A036ED5EA1}
		{4934C60A-E6BB-4239-8B90-65252B8B3491} = {C02AD856-26DD-4559-BAF3-74A036ED5EA1}
		{1FD179E4-3C43-468D-8335-8733002ACFA2} = {6D6EECC1-FEDD-474E-91FD-9406E9CF88F6}
		{E93C138C-DCFD-4127-B894-4E5231369159} = {1FD179E4-3C43-468D-8335-8733002ACFA2}
		{8C1B7C87-8A2F-43C1-B9E3-309E643046B0} = {335F3E0E-B972-4F18-B3B5-4323A46C0A6E}
		{8C05047D-6665-4816-A5A3-A8EDBFD48103} = {7F239034-8411-4F30-9E57-B0F5B4F9E1EA}
		{59476942-4650-4AB1-A126-B041BCFEAE03} = {8C05047D-6665-4816-A5A3-A8EDBFD48103}
		{795B3128-F662-4546-80E0-B73B2097AF58} = {335F3E0E-B972-4F18-B3B5-4323A46C0A6E}
		{5DA9A4F0-FF2F-4022-B490-A7DC960E7551} = {335F3E0E-B972-4F18-B3B5-4323A46C0A6E}
		{EB2C4423-A34B-4287-B7A1-F2E83E9EE935} = {6D6EECC1-FEDD-474E-91FD-9406E9CF88F6}
		{BC26BEB2-4CB7-4EAF-BA4E-1DF9452ED52D} = {EB2C4423-A34B-4287-B7A1-F2E83E9EE935}
		{FEF38D6D-1C5B-4E2A-8E45-EC788F8E5839} = {EB2C4423-A34B-4287-B7A1-F2E83E9EE935}
		{5C3AE7A4-17C8-4317-97A2-6C540AF8FD87} = {EB2C4423-A34B-4287-B7A1-F2E83E9EE935}
		{F844D228-57D4-47BE-B176-1EB7E7EA4AB6} = {7F239034-8411-4F30-9E57-B0F5B4F9E1EA}
		{B681BADE-684E-40B8-8178-F324E78D0C5C} = {282A2EF5-E0CE-47BE-832A-B43B1E447287}
	EndGlobalSection
	GlobalSection(ProjectConfigurationPlatforms) = postSolution
		{67258FB8-8B58-4F1B-B099-3F177074B50F}.Debug|Any CPU.ActiveCfg = Debug|Any CPU
		{67258FB8-8B58-4F1B-B099-3F177074B50F}.Debug|Any CPU.Build.0 = Debug|Any CPU
		{67258FB8-8B58-4F1B-B099-3F177074B50F}.Release|Any CPU.ActiveCfg = Release|Any CPU
		{67258FB8-8B58-4F1B-B099-3F177074B50F}.Release|Any CPU.Build.0 = Release|Any CPU
		{55B7F8B6-5BAF-4BC3-AD6F-EBBE3B0244C7}.Debug|Any CPU.ActiveCfg = Debug|Any CPU
		{55B7F8B6-5BAF-4BC3-AD6F-EBBE3B0244C7}.Debug|Any CPU.Build.0 = Debug|Any CPU
		{55B7F8B6-5BAF-4BC3-AD6F-EBBE3B0244C7}.Release|Any CPU.ActiveCfg = Release|Any CPU
		{55B7F8B6-5BAF-4BC3-AD6F-EBBE3B0244C7}.Release|Any CPU.Build.0 = Release|Any CPU
		{EF4C031C-53F5-4EFA-B843-C3E04D15DFFC}.Debug|Any CPU.ActiveCfg = Debug|Any CPU
		{EF4C031C-53F5-4EFA-B843-C3E04D15DFFC}.Debug|Any CPU.Build.0 = Debug|Any CPU
		{EF4C031C-53F5-4EFA-B843-C3E04D15DFFC}.Release|Any CPU.ActiveCfg = Release|Any CPU
		{EF4C031C-53F5-4EFA-B843-C3E04D15DFFC}.Release|Any CPU.Build.0 = Release|Any CPU
		{86A73693-A198-4878-9DFC-304F1BB26C55}.Debug|Any CPU.ActiveCfg = Debug|Any CPU
		{86A73693-A198-4878-9DFC-304F1BB26C55}.Debug|Any CPU.Build.0 = Debug|Any CPU
		{86A73693-A198-4878-9DFC-304F1BB26C55}.Release|Any CPU.ActiveCfg = Release|Any CPU
		{86A73693-A198-4878-9DFC-304F1BB26C55}.Release|Any CPU.Build.0 = Release|Any CPU
		{3B4E2962-1152-4A10-A320-591690CB61DE}.Debug|Any CPU.ActiveCfg = Debug|Any CPU
		{3B4E2962-1152-4A10-A320-591690CB61DE}.Debug|Any CPU.Build.0 = Debug|Any CPU
		{3B4E2962-1152-4A10-A320-591690CB61DE}.Release|Any CPU.ActiveCfg = Release|Any CPU
		{3B4E2962-1152-4A10-A320-591690CB61DE}.Release|Any CPU.Build.0 = Release|Any CPU
		{61FF8262-384B-4898-A219-1A068DA18BA9}.Debug|Any CPU.ActiveCfg = Debug|Any CPU
		{61FF8262-384B-4898-A219-1A068DA18BA9}.Debug|Any CPU.Build.0 = Debug|Any CPU
		{61FF8262-384B-4898-A219-1A068DA18BA9}.Release|Any CPU.ActiveCfg = Release|Any CPU
		{61FF8262-384B-4898-A219-1A068DA18BA9}.Release|Any CPU.Build.0 = Release|Any CPU
		{1404EDC1-5BAF-4A98-A122-CB08B017B8DD}.Debug|Any CPU.ActiveCfg = Debug|Any CPU
		{1404EDC1-5BAF-4A98-A122-CB08B017B8DD}.Debug|Any CPU.Build.0 = Debug|Any CPU
		{1404EDC1-5BAF-4A98-A122-CB08B017B8DD}.Release|Any CPU.ActiveCfg = Release|Any CPU
		{1404EDC1-5BAF-4A98-A122-CB08B017B8DD}.Release|Any CPU.Build.0 = Release|Any CPU
		{1EAC9FAE-50B9-4C0C-A588-0F951B3D6F17}.Debug|Any CPU.ActiveCfg = Debug|Any CPU
		{1EAC9FAE-50B9-4C0C-A588-0F951B3D6F17}.Debug|Any CPU.Build.0 = Debug|Any CPU
		{1EAC9FAE-50B9-4C0C-A588-0F951B3D6F17}.Release|Any CPU.ActiveCfg = Release|Any CPU
		{1EAC9FAE-50B9-4C0C-A588-0F951B3D6F17}.Release|Any CPU.Build.0 = Release|Any CPU
		{D56CB9BC-44A3-4BE0-8DE2-D90635435B8E}.Debug|Any CPU.ActiveCfg = Debug|Any CPU
		{D56CB9BC-44A3-4BE0-8DE2-D90635435B8E}.Debug|Any CPU.Build.0 = Debug|Any CPU
		{D56CB9BC-44A3-4BE0-8DE2-D90635435B8E}.Release|Any CPU.ActiveCfg = Release|Any CPU
		{D56CB9BC-44A3-4BE0-8DE2-D90635435B8E}.Release|Any CPU.Build.0 = Release|Any CPU
		{2D242F67-A446-481E-B199-D80EC70DD2B1}.Debug|Any CPU.ActiveCfg = Debug|Any CPU
		{2D242F67-A446-481E-B199-D80EC70DD2B1}.Debug|Any CPU.Build.0 = Debug|Any CPU
		{2D242F67-A446-481E-B199-D80EC70DD2B1}.Release|Any CPU.ActiveCfg = Release|Any CPU
		{2D242F67-A446-481E-B199-D80EC70DD2B1}.Release|Any CPU.Build.0 = Release|Any CPU
		{159AAC30-157C-4F14-A17C-D5635D5A1DD4}.Debug|Any CPU.ActiveCfg = Debug|Any CPU
		{159AAC30-157C-4F14-A17C-D5635D5A1DD4}.Debug|Any CPU.Build.0 = Debug|Any CPU
		{159AAC30-157C-4F14-A17C-D5635D5A1DD4}.Release|Any CPU.ActiveCfg = Release|Any CPU
		{159AAC30-157C-4F14-A17C-D5635D5A1DD4}.Release|Any CPU.Build.0 = Release|Any CPU
		{42710246-D2F2-4971-B058-0DDE840859C5}.Debug|Any CPU.ActiveCfg = Debug|Any CPU
		{42710246-D2F2-4971-B058-0DDE840859C5}.Debug|Any CPU.Build.0 = Debug|Any CPU
		{42710246-D2F2-4971-B058-0DDE840859C5}.Release|Any CPU.ActiveCfg = Release|Any CPU
		{42710246-D2F2-4971-B058-0DDE840859C5}.Release|Any CPU.Build.0 = Release|Any CPU
		{A818EFAF-2752-4FAB-AC14-6D38DB64267B}.Debug|Any CPU.ActiveCfg = Debug|Any CPU
		{A818EFAF-2752-4FAB-AC14-6D38DB64267B}.Debug|Any CPU.Build.0 = Debug|Any CPU
		{A818EFAF-2752-4FAB-AC14-6D38DB64267B}.Release|Any CPU.ActiveCfg = Release|Any CPU
		{A818EFAF-2752-4FAB-AC14-6D38DB64267B}.Release|Any CPU.Build.0 = Release|Any CPU
		{541C64C8-028D-4F72-93DD-956EB4FAEE4F}.Debug|Any CPU.ActiveCfg = Debug|Any CPU
		{541C64C8-028D-4F72-93DD-956EB4FAEE4F}.Debug|Any CPU.Build.0 = Debug|Any CPU
		{541C64C8-028D-4F72-93DD-956EB4FAEE4F}.Release|Any CPU.ActiveCfg = Release|Any CPU
		{541C64C8-028D-4F72-93DD-956EB4FAEE4F}.Release|Any CPU.Build.0 = Release|Any CPU
		{07366644-BB6B-4F22-8D6D-36A27ADFAC52}.Debug|Any CPU.ActiveCfg = Debug|Any CPU
		{07366644-BB6B-4F22-8D6D-36A27ADFAC52}.Debug|Any CPU.Build.0 = Debug|Any CPU
		{07366644-BB6B-4F22-8D6D-36A27ADFAC52}.Release|Any CPU.ActiveCfg = Release|Any CPU
		{07366644-BB6B-4F22-8D6D-36A27ADFAC52}.Release|Any CPU.Build.0 = Release|Any CPU
		{F57AE64E-1A31-4C61-BB7D-05D27F0CEECC}.Debug|Any CPU.ActiveCfg = Debug|Any CPU
		{F57AE64E-1A31-4C61-BB7D-05D27F0CEECC}.Debug|Any CPU.Build.0 = Debug|Any CPU
		{F57AE64E-1A31-4C61-BB7D-05D27F0CEECC}.Release|Any CPU.ActiveCfg = Release|Any CPU
		{F57AE64E-1A31-4C61-BB7D-05D27F0CEECC}.Release|Any CPU.Build.0 = Release|Any CPU
		{8A414818-A949-416A-A2DD-45D19D8D687A}.Debug|Any CPU.ActiveCfg = Debug|Any CPU
		{8A414818-A949-416A-A2DD-45D19D8D687A}.Debug|Any CPU.Build.0 = Debug|Any CPU
		{8A414818-A949-416A-A2DD-45D19D8D687A}.Release|Any CPU.ActiveCfg = Release|Any CPU
		{8A414818-A949-416A-A2DD-45D19D8D687A}.Release|Any CPU.Build.0 = Release|Any CPU
		{ACEE1691-04EC-4471-BB20-0B37B106F3BE}.Debug|Any CPU.ActiveCfg = Debug|Any CPU
		{ACEE1691-04EC-4471-BB20-0B37B106F3BE}.Debug|Any CPU.Build.0 = Debug|Any CPU
		{ACEE1691-04EC-4471-BB20-0B37B106F3BE}.Release|Any CPU.ActiveCfg = Release|Any CPU
		{ACEE1691-04EC-4471-BB20-0B37B106F3BE}.Release|Any CPU.Build.0 = Release|Any CPU
		{7E445B00-6021-4FDB-A681-FC855DA39D78}.Debug|Any CPU.ActiveCfg = Debug|Any CPU
		{7E445B00-6021-4FDB-A681-FC855DA39D78}.Debug|Any CPU.Build.0 = Debug|Any CPU
		{7E445B00-6021-4FDB-A681-FC855DA39D78}.Release|Any CPU.ActiveCfg = Release|Any CPU
		{7E445B00-6021-4FDB-A681-FC855DA39D78}.Release|Any CPU.Build.0 = Release|Any CPU
		{303A7ED1-BB8B-444B-8620-68587E84EDB6}.Debug|Any CPU.ActiveCfg = Debug|Any CPU
		{303A7ED1-BB8B-444B-8620-68587E84EDB6}.Debug|Any CPU.Build.0 = Debug|Any CPU
		{303A7ED1-BB8B-444B-8620-68587E84EDB6}.Release|Any CPU.ActiveCfg = Release|Any CPU
		{303A7ED1-BB8B-444B-8620-68587E84EDB6}.Release|Any CPU.Build.0 = Release|Any CPU
		{C9A5D9A3-75CC-4D7E-9C49-CB4BE51E87B1}.Debug|Any CPU.ActiveCfg = Debug|Any CPU
		{C9A5D9A3-75CC-4D7E-9C49-CB4BE51E87B1}.Debug|Any CPU.Build.0 = Debug|Any CPU
		{C9A5D9A3-75CC-4D7E-9C49-CB4BE51E87B1}.Release|Any CPU.ActiveCfg = Release|Any CPU
		{C9A5D9A3-75CC-4D7E-9C49-CB4BE51E87B1}.Release|Any CPU.Build.0 = Release|Any CPU
		{8F4155B5-2D3A-4863-A668-0434F7BBC395}.Debug|Any CPU.ActiveCfg = Debug|Any CPU
		{8F4155B5-2D3A-4863-A668-0434F7BBC395}.Debug|Any CPU.Build.0 = Debug|Any CPU
		{8F4155B5-2D3A-4863-A668-0434F7BBC395}.Release|Any CPU.ActiveCfg = Release|Any CPU
		{8F4155B5-2D3A-4863-A668-0434F7BBC395}.Release|Any CPU.Build.0 = Release|Any CPU
		{2EB67611-E7D8-477A-A381-C5010B032A51}.Debug|Any CPU.ActiveCfg = Debug|Any CPU
		{2EB67611-E7D8-477A-A381-C5010B032A51}.Debug|Any CPU.Build.0 = Debug|Any CPU
		{2EB67611-E7D8-477A-A381-C5010B032A51}.Release|Any CPU.ActiveCfg = Release|Any CPU
		{2EB67611-E7D8-477A-A381-C5010B032A51}.Release|Any CPU.Build.0 = Release|Any CPU
		{E9D73033-0EEB-494F-87C4-7B3F196B012F}.Debug|Any CPU.ActiveCfg = Debug|Any CPU
		{E9D73033-0EEB-494F-87C4-7B3F196B012F}.Debug|Any CPU.Build.0 = Debug|Any CPU
		{E9D73033-0EEB-494F-87C4-7B3F196B012F}.Release|Any CPU.ActiveCfg = Release|Any CPU
		{E9D73033-0EEB-494F-87C4-7B3F196B012F}.Release|Any CPU.Build.0 = Release|Any CPU
		{3C519309-BB9D-4D07-B531-91E9A8E1E4DD}.Debug|Any CPU.ActiveCfg = Debug|Any CPU
		{3C519309-BB9D-4D07-B531-91E9A8E1E4DD}.Debug|Any CPU.Build.0 = Debug|Any CPU
		{3C519309-BB9D-4D07-B531-91E9A8E1E4DD}.Release|Any CPU.ActiveCfg = Release|Any CPU
		{3C519309-BB9D-4D07-B531-91E9A8E1E4DD}.Release|Any CPU.Build.0 = Release|Any CPU
		{5E56F592-4198-49BB-B2B6-1A9A9685F51E}.Debug|Any CPU.ActiveCfg = Debug|Any CPU
		{5E56F592-4198-49BB-B2B6-1A9A9685F51E}.Debug|Any CPU.Build.0 = Debug|Any CPU
		{5E56F592-4198-49BB-B2B6-1A9A9685F51E}.Release|Any CPU.ActiveCfg = Release|Any CPU
		{5E56F592-4198-49BB-B2B6-1A9A9685F51E}.Release|Any CPU.Build.0 = Release|Any CPU
		{8B6BB80F-AF31-4DF7-874C-9E9701A98F69}.Debug|Any CPU.ActiveCfg = Debug|Any CPU
		{8B6BB80F-AF31-4DF7-874C-9E9701A98F69}.Debug|Any CPU.Build.0 = Debug|Any CPU
		{8B6BB80F-AF31-4DF7-874C-9E9701A98F69}.Release|Any CPU.ActiveCfg = Release|Any CPU
		{8B6BB80F-AF31-4DF7-874C-9E9701A98F69}.Release|Any CPU.Build.0 = Release|Any CPU
		{51173F3A-A263-4645-BF42-81635D8F169F}.Debug|Any CPU.ActiveCfg = Debug|Any CPU
		{51173F3A-A263-4645-BF42-81635D8F169F}.Debug|Any CPU.Build.0 = Debug|Any CPU
		{51173F3A-A263-4645-BF42-81635D8F169F}.Release|Any CPU.ActiveCfg = Release|Any CPU
		{51173F3A-A263-4645-BF42-81635D8F169F}.Release|Any CPU.Build.0 = Release|Any CPU
		{92F045DB-AF75-4B4A-A762-8F4FB51FE30D}.Debug|Any CPU.ActiveCfg = Debug|Any CPU
		{92F045DB-AF75-4B4A-A762-8F4FB51FE30D}.Debug|Any CPU.Build.0 = Debug|Any CPU
		{92F045DB-AF75-4B4A-A762-8F4FB51FE30D}.Release|Any CPU.ActiveCfg = Release|Any CPU
		{92F045DB-AF75-4B4A-A762-8F4FB51FE30D}.Release|Any CPU.Build.0 = Release|Any CPU
		{0E6CF011-BCA1-4081-A296-3B7FE8F7687C}.Debug|Any CPU.ActiveCfg = Debug|Any CPU
		{0E6CF011-BCA1-4081-A296-3B7FE8F7687C}.Debug|Any CPU.Build.0 = Debug|Any CPU
		{0E6CF011-BCA1-4081-A296-3B7FE8F7687C}.Release|Any CPU.ActiveCfg = Release|Any CPU
		{0E6CF011-BCA1-4081-A296-3B7FE8F7687C}.Release|Any CPU.Build.0 = Release|Any CPU
		{F3589958-47F4-4C5B-B399-9F4E38866877}.Debug|Any CPU.ActiveCfg = Debug|Any CPU
		{F3589958-47F4-4C5B-B399-9F4E38866877}.Debug|Any CPU.Build.0 = Debug|Any CPU
		{F3589958-47F4-4C5B-B399-9F4E38866877}.Release|Any CPU.ActiveCfg = Release|Any CPU
		{F3589958-47F4-4C5B-B399-9F4E38866877}.Release|Any CPU.Build.0 = Release|Any CPU
		{D94B7F60-D5E3-4E72-9B47-DD29B2774F79}.Debug|Any CPU.ActiveCfg = Debug|Any CPU
		{D94B7F60-D5E3-4E72-9B47-DD29B2774F79}.Debug|Any CPU.Build.0 = Debug|Any CPU
		{D94B7F60-D5E3-4E72-9B47-DD29B2774F79}.Release|Any CPU.ActiveCfg = Release|Any CPU
		{D94B7F60-D5E3-4E72-9B47-DD29B2774F79}.Release|Any CPU.Build.0 = Release|Any CPU
		{BB23ECE4-1701-4FD8-9290-E412A8BF8F6A}.Debug|Any CPU.ActiveCfg = Debug|Any CPU
		{BB23ECE4-1701-4FD8-9290-E412A8BF8F6A}.Debug|Any CPU.Build.0 = Debug|Any CPU
		{BB23ECE4-1701-4FD8-9290-E412A8BF8F6A}.Release|Any CPU.ActiveCfg = Release|Any CPU
		{BB23ECE4-1701-4FD8-9290-E412A8BF8F6A}.Release|Any CPU.Build.0 = Release|Any CPU
		{D745C804-9F03-4B33-92FA-65B8318DFD0C}.Debug|Any CPU.ActiveCfg = Debug|Any CPU
		{D745C804-9F03-4B33-92FA-65B8318DFD0C}.Debug|Any CPU.Build.0 = Debug|Any CPU
		{D745C804-9F03-4B33-92FA-65B8318DFD0C}.Release|Any CPU.ActiveCfg = Release|Any CPU
		{D745C804-9F03-4B33-92FA-65B8318DFD0C}.Release|Any CPU.Build.0 = Release|Any CPU
		{E8BFA787-DF32-433E-9B51-5730242B8928}.Debug|Any CPU.ActiveCfg = Debug|Any CPU
		{E8BFA787-DF32-433E-9B51-5730242B8928}.Debug|Any CPU.Build.0 = Debug|Any CPU
		{E8BFA787-DF32-433E-9B51-5730242B8928}.Release|Any CPU.ActiveCfg = Release|Any CPU
		{E8BFA787-DF32-433E-9B51-5730242B8928}.Release|Any CPU.Build.0 = Release|Any CPU
		{6FE0B539-F2F2-45EC-99C6-47DA56D293D7}.Debug|Any CPU.ActiveCfg = Debug|Any CPU
		{6FE0B539-F2F2-45EC-99C6-47DA56D293D7}.Debug|Any CPU.Build.0 = Debug|Any CPU
		{6FE0B539-F2F2-45EC-99C6-47DA56D293D7}.Release|Any CPU.ActiveCfg = Release|Any CPU
		{6FE0B539-F2F2-45EC-99C6-47DA56D293D7}.Release|Any CPU.Build.0 = Release|Any CPU
		{AE2EBDF7-DF7B-4BCB-AFC0-55697343937C}.Debug|Any CPU.ActiveCfg = Debug|Any CPU
		{AE2EBDF7-DF7B-4BCB-AFC0-55697343937C}.Debug|Any CPU.Build.0 = Debug|Any CPU
		{AE2EBDF7-DF7B-4BCB-AFC0-55697343937C}.Release|Any CPU.ActiveCfg = Release|Any CPU
		{AE2EBDF7-DF7B-4BCB-AFC0-55697343937C}.Release|Any CPU.Build.0 = Release|Any CPU
		{618FAD1C-6E39-4037-AD5F-BC4578352F9D}.Debug|Any CPU.ActiveCfg = Debug|Any CPU
		{618FAD1C-6E39-4037-AD5F-BC4578352F9D}.Debug|Any CPU.Build.0 = Debug|Any CPU
		{618FAD1C-6E39-4037-AD5F-BC4578352F9D}.Release|Any CPU.ActiveCfg = Release|Any CPU
		{618FAD1C-6E39-4037-AD5F-BC4578352F9D}.Release|Any CPU.Build.0 = Release|Any CPU
		{67481CFE-346E-473A-9B16-13F545F20EC0}.Debug|Any CPU.ActiveCfg = Debug|Any CPU
		{67481CFE-346E-473A-9B16-13F545F20EC0}.Debug|Any CPU.Build.0 = Debug|Any CPU
		{67481CFE-346E-473A-9B16-13F545F20EC0}.Release|Any CPU.ActiveCfg = Release|Any CPU
		{67481CFE-346E-473A-9B16-13F545F20EC0}.Release|Any CPU.Build.0 = Release|Any CPU
		{BB8E7910-2797-437D-B2BA-5F25D6622564}.Debug|Any CPU.ActiveCfg = Debug|Any CPU
		{BB8E7910-2797-437D-B2BA-5F25D6622564}.Debug|Any CPU.Build.0 = Debug|Any CPU
		{BB8E7910-2797-437D-B2BA-5F25D6622564}.Release|Any CPU.ActiveCfg = Release|Any CPU
		{BB8E7910-2797-437D-B2BA-5F25D6622564}.Release|Any CPU.Build.0 = Release|Any CPU
		{4934C60A-E6BB-4239-8B90-65252B8B3491}.Debug|Any CPU.ActiveCfg = Debug|Any CPU
		{4934C60A-E6BB-4239-8B90-65252B8B3491}.Debug|Any CPU.Build.0 = Debug|Any CPU
		{4934C60A-E6BB-4239-8B90-65252B8B3491}.Release|Any CPU.ActiveCfg = Release|Any CPU
		{4934C60A-E6BB-4239-8B90-65252B8B3491}.Release|Any CPU.Build.0 = Release|Any CPU
		{E93C138C-DCFD-4127-B894-4E5231369159}.Debug|Any CPU.ActiveCfg = Debug|Any CPU
		{E93C138C-DCFD-4127-B894-4E5231369159}.Debug|Any CPU.Build.0 = Debug|Any CPU
		{E93C138C-DCFD-4127-B894-4E5231369159}.Release|Any CPU.ActiveCfg = Release|Any CPU
		{E93C138C-DCFD-4127-B894-4E5231369159}.Release|Any CPU.Build.0 = Release|Any CPU
		{8C1B7C87-8A2F-43C1-B9E3-309E643046B0}.Debug|Any CPU.ActiveCfg = Debug|Any CPU
		{8C1B7C87-8A2F-43C1-B9E3-309E643046B0}.Debug|Any CPU.Build.0 = Debug|Any CPU
		{8C1B7C87-8A2F-43C1-B9E3-309E643046B0}.Release|Any CPU.ActiveCfg = Release|Any CPU
		{8C1B7C87-8A2F-43C1-B9E3-309E643046B0}.Release|Any CPU.Build.0 = Release|Any CPU
		{59476942-4650-4AB1-A126-B041BCFEAE03}.Debug|Any CPU.ActiveCfg = Debug|Any CPU
		{59476942-4650-4AB1-A126-B041BCFEAE03}.Debug|Any CPU.Build.0 = Debug|Any CPU
		{59476942-4650-4AB1-A126-B041BCFEAE03}.Release|Any CPU.ActiveCfg = Release|Any CPU
		{59476942-4650-4AB1-A126-B041BCFEAE03}.Release|Any CPU.Build.0 = Release|Any CPU
		{795B3128-F662-4546-80E0-B73B2097AF58}.Debug|Any CPU.ActiveCfg = Debug|Any CPU
		{795B3128-F662-4546-80E0-B73B2097AF58}.Debug|Any CPU.Build.0 = Debug|Any CPU
		{795B3128-F662-4546-80E0-B73B2097AF58}.Release|Any CPU.ActiveCfg = Release|Any CPU
		{795B3128-F662-4546-80E0-B73B2097AF58}.Release|Any CPU.Build.0 = Release|Any CPU
		{5DA9A4F0-FF2F-4022-B490-A7DC960E7551}.Debug|Any CPU.ActiveCfg = Debug|Any CPU
		{5DA9A4F0-FF2F-4022-B490-A7DC960E7551}.Debug|Any CPU.Build.0 = Debug|Any CPU
		{5DA9A4F0-FF2F-4022-B490-A7DC960E7551}.Release|Any CPU.ActiveCfg = Release|Any CPU
		{5DA9A4F0-FF2F-4022-B490-A7DC960E7551}.Release|Any CPU.Build.0 = Release|Any CPU
		{BC26BEB2-4CB7-4EAF-BA4E-1DF9452ED52D}.Debug|Any CPU.ActiveCfg = Debug|Any CPU
		{BC26BEB2-4CB7-4EAF-BA4E-1DF9452ED52D}.Debug|Any CPU.Build.0 = Debug|Any CPU
		{BC26BEB2-4CB7-4EAF-BA4E-1DF9452ED52D}.Release|Any CPU.ActiveCfg = Release|Any CPU
		{BC26BEB2-4CB7-4EAF-BA4E-1DF9452ED52D}.Release|Any CPU.Build.0 = Release|Any CPU
		{FEF38D6D-1C5B-4E2A-8E45-EC788F8E5839}.Debug|Any CPU.ActiveCfg = Debug|Any CPU
		{FEF38D6D-1C5B-4E2A-8E45-EC788F8E5839}.Debug|Any CPU.Build.0 = Debug|Any CPU
		{FEF38D6D-1C5B-4E2A-8E45-EC788F8E5839}.Release|Any CPU.ActiveCfg = Release|Any CPU
		{FEF38D6D-1C5B-4E2A-8E45-EC788F8E5839}.Release|Any CPU.Build.0 = Release|Any CPU
		{5C3AE7A4-17C8-4317-97A2-6C540AF8FD87}.Debug|Any CPU.ActiveCfg = Debug|Any CPU
		{5C3AE7A4-17C8-4317-97A2-6C540AF8FD87}.Debug|Any CPU.Build.0 = Debug|Any CPU
		{5C3AE7A4-17C8-4317-97A2-6C540AF8FD87}.Release|Any CPU.ActiveCfg = Release|Any CPU
		{5C3AE7A4-17C8-4317-97A2-6C540AF8FD87}.Release|Any CPU.Build.0 = Release|Any CPU
		{F844D228-57D4-47BE-B176-1EB7E7EA4AB6}.Debug|Any CPU.ActiveCfg = Debug|Any CPU
		{F844D228-57D4-47BE-B176-1EB7E7EA4AB6}.Debug|Any CPU.Build.0 = Debug|Any CPU
		{F844D228-57D4-47BE-B176-1EB7E7EA4AB6}.Release|Any CPU.ActiveCfg = Release|Any CPU
		{F844D228-57D4-47BE-B176-1EB7E7EA4AB6}.Release|Any CPU.Build.0 = Release|Any CPU
		{B681BADE-684E-40B8-8178-F324E78D0C5C}.Debug|Any CPU.ActiveCfg = Debug|Any CPU
		{B681BADE-684E-40B8-8178-F324E78D0C5C}.Debug|Any CPU.Build.0 = Debug|Any CPU
		{B681BADE-684E-40B8-8178-F324E78D0C5C}.Release|Any CPU.ActiveCfg = Release|Any CPU
		{B681BADE-684E-40B8-8178-F324E78D0C5C}.Release|Any CPU.Build.0 = Release|Any CPU
	EndGlobalSection
EndGlobal
