
Microsoft Visual Studio Solution File, Format Version 12.00
Project("{2150E333-8FDC-42A3-9474-1A3956D46DE8}") = "Chat", "Chat", "{CF76941F-AA27-49CA-B273-EDBD93F28F03}"
EndProject
Project("{FAE04EC0-301F-11D3-BF4B-00C04F79EFBC}") = "FloppyBot.Chat.Tests", "FloppyBot.Chat.Tests\FloppyBot.Chat.Tests.csproj", "{67258FB8-8B58-4F1B-B099-3F177074B50F}"
EndProject
Project("{FAE04EC0-301F-11D3-BF4B-00C04F79EFBC}") = "FloppyBot.Chat", "FloppyBot.Chat\FloppyBot.Chat.csproj", "{55B7F8B6-5BAF-4BC3-AD6F-EBBE3B0244C7}"
EndProject
Project("{2150E333-8FDC-42A3-9474-1A3956D46DE8}") = "Base", "Base", "{7F239034-8411-4F30-9E57-B0F5B4F9E1EA}"
EndProject
Project("{FAE04EC0-301F-11D3-BF4B-00C04F79EFBC}") = "FloppyBot.Base.EquatableCollections", "FloppyBot.Base.EquatableCollections\FloppyBot.Base.EquatableCollections.csproj", "{EF4C031C-53F5-4EFA-B843-C3E04D15DFFC}"
EndProject
Project("{FAE04EC0-301F-11D3-BF4B-00C04F79EFBC}") = "FloppyBot.Base.Tests", "FloppyBot.Base.Tests\FloppyBot.Base.Tests.csproj", "{86A73693-A198-4878-9DFC-304F1BB26C55}"
EndProject
Project("{FAE04EC0-301F-11D3-BF4B-00C04F79EFBC}") = "FloppyBot.Chat.Twitch", "FloppyBot.Chat.Twitch\FloppyBot.Chat.Twitch.csproj", "{3B4E2962-1152-4A10-A320-591690CB61DE}"
EndProject
Project("{FAE04EC0-301F-11D3-BF4B-00C04F79EFBC}") = "FloppyBot.Chat.Twitch.Tests", "FloppyBot.Chat.Twitch.Tests\FloppyBot.Chat.Twitch.Tests.csproj", "{61FF8262-384B-4898-A219-1A068DA18BA9}"
EndProject
Project("{FAE04EC0-301F-11D3-BF4B-00C04F79EFBC}") = "FloppyBot.Base.Testing", "FloppyBot.Base.Testing\FloppyBot.Base.Testing.csproj", "{1404EDC1-5BAF-4A98-A122-CB08B017B8DD}"
EndProject
Project("{2150E333-8FDC-42A3-9474-1A3956D46DE8}") = "Twitch", "Twitch", "{374B5765-6FDD-4876-AEB0-9CAB04C58472}"
EndProject
Project("{2150E333-8FDC-42A3-9474-1A3956D46DE8}") = "Discord", "Discord", "{35047F63-691E-4553-8215-88DBB3802F56}"
EndProject
Project("{FAE04EC0-301F-11D3-BF4B-00C04F79EFBC}") = "FloppyBot.Chat.Discord", "FloppyBot.Chat.Discord\FloppyBot.Chat.Discord.csproj", "{1EAC9FAE-50B9-4C0C-A588-0F951B3D6F17}"
EndProject
Project("{FAE04EC0-301F-11D3-BF4B-00C04F79EFBC}") = "FloppyBot.Chat.Discord.Tests", "FloppyBot.Chat.Discord.Tests\FloppyBot.Chat.Discord.Tests.csproj", "{D56CB9BC-44A3-4BE0-8DE2-D90635435B8E}"
EndProject
Global
	GlobalSection(SolutionConfigurationPlatforms) = preSolution
		Debug|Any CPU = Debug|Any CPU
		Release|Any CPU = Release|Any CPU
	EndGlobalSection
	GlobalSection(NestedProjects) = preSolution
		{67258FB8-8B58-4F1B-B099-3F177074B50F} = {CF76941F-AA27-49CA-B273-EDBD93F28F03}
		{55B7F8B6-5BAF-4BC3-AD6F-EBBE3B0244C7} = {CF76941F-AA27-49CA-B273-EDBD93F28F03}
		{EF4C031C-53F5-4EFA-B843-C3E04D15DFFC} = {7F239034-8411-4F30-9E57-B0F5B4F9E1EA}
		{86A73693-A198-4878-9DFC-304F1BB26C55} = {7F239034-8411-4F30-9E57-B0F5B4F9E1EA}
		{1404EDC1-5BAF-4A98-A122-CB08B017B8DD} = {7F239034-8411-4F30-9E57-B0F5B4F9E1EA}
		{374B5765-6FDD-4876-AEB0-9CAB04C58472} = {CF76941F-AA27-49CA-B273-EDBD93F28F03}
		{35047F63-691E-4553-8215-88DBB3802F56} = {CF76941F-AA27-49CA-B273-EDBD93F28F03}
		{3B4E2962-1152-4A10-A320-591690CB61DE} = {374B5765-6FDD-4876-AEB0-9CAB04C58472}
		{61FF8262-384B-4898-A219-1A068DA18BA9} = {374B5765-6FDD-4876-AEB0-9CAB04C58472}
		{1EAC9FAE-50B9-4C0C-A588-0F951B3D6F17} = {35047F63-691E-4553-8215-88DBB3802F56}
		{D56CB9BC-44A3-4BE0-8DE2-D90635435B8E} = {35047F63-691E-4553-8215-88DBB3802F56}
	EndGlobalSection
	GlobalSection(ProjectConfigurationPlatforms) = postSolution
		{67258FB8-8B58-4F1B-B099-3F177074B50F}.Debug|Any CPU.ActiveCfg = Debug|Any CPU
		{67258FB8-8B58-4F1B-B099-3F177074B50F}.Debug|Any CPU.Build.0 = Debug|Any CPU
		{67258FB8-8B58-4F1B-B099-3F177074B50F}.Release|Any CPU.ActiveCfg = Release|Any CPU
		{67258FB8-8B58-4F1B-B099-3F177074B50F}.Release|Any CPU.Build.0 = Release|Any CPU
		{55B7F8B6-5BAF-4BC3-AD6F-EBBE3B0244C7}.Debug|Any CPU.ActiveCfg = Debug|Any CPU
		{55B7F8B6-5BAF-4BC3-AD6F-EBBE3B0244C7}.Debug|Any CPU.Build.0 = Debug|Any CPU
		{55B7F8B6-5BAF-4BC3-AD6F-EBBE3B0244C7}.Release|Any CPU.ActiveCfg = Release|Any CPU
		{55B7F8B6-5BAF-4BC3-AD6F-EBBE3B0244C7}.Release|Any CPU.Build.0 = Release|Any CPU
		{EF4C031C-53F5-4EFA-B843-C3E04D15DFFC}.Debug|Any CPU.ActiveCfg = Debug|Any CPU
		{EF4C031C-53F5-4EFA-B843-C3E04D15DFFC}.Debug|Any CPU.Build.0 = Debug|Any CPU
		{EF4C031C-53F5-4EFA-B843-C3E04D15DFFC}.Release|Any CPU.ActiveCfg = Release|Any CPU
		{EF4C031C-53F5-4EFA-B843-C3E04D15DFFC}.Release|Any CPU.Build.0 = Release|Any CPU
		{86A73693-A198-4878-9DFC-304F1BB26C55}.Debug|Any CPU.ActiveCfg = Debug|Any CPU
		{86A73693-A198-4878-9DFC-304F1BB26C55}.Debug|Any CPU.Build.0 = Debug|Any CPU
		{86A73693-A198-4878-9DFC-304F1BB26C55}.Release|Any CPU.ActiveCfg = Release|Any CPU
		{86A73693-A198-4878-9DFC-304F1BB26C55}.Release|Any CPU.Build.0 = Release|Any CPU
		{3B4E2962-1152-4A10-A320-591690CB61DE}.Debug|Any CPU.ActiveCfg = Debug|Any CPU
		{3B4E2962-1152-4A10-A320-591690CB61DE}.Debug|Any CPU.Build.0 = Debug|Any CPU
		{3B4E2962-1152-4A10-A320-591690CB61DE}.Release|Any CPU.ActiveCfg = Release|Any CPU
		{3B4E2962-1152-4A10-A320-591690CB61DE}.Release|Any CPU.Build.0 = Release|Any CPU
		{61FF8262-384B-4898-A219-1A068DA18BA9}.Debug|Any CPU.ActiveCfg = Debug|Any CPU
		{61FF8262-384B-4898-A219-1A068DA18BA9}.Debug|Any CPU.Build.0 = Debug|Any CPU
		{61FF8262-384B-4898-A219-1A068DA18BA9}.Release|Any CPU.ActiveCfg = Release|Any CPU
		{61FF8262-384B-4898-A219-1A068DA18BA9}.Release|Any CPU.Build.0 = Release|Any CPU
		{1404EDC1-5BAF-4A98-A122-CB08B017B8DD}.Debug|Any CPU.ActiveCfg = Debug|Any CPU
		{1404EDC1-5BAF-4A98-A122-CB08B017B8DD}.Debug|Any CPU.Build.0 = Debug|Any CPU
		{1404EDC1-5BAF-4A98-A122-CB08B017B8DD}.Release|Any CPU.ActiveCfg = Release|Any CPU
		{1404EDC1-5BAF-4A98-A122-CB08B017B8DD}.Release|Any CPU.Build.0 = Release|Any CPU
		{1EAC9FAE-50B9-4C0C-A588-0F951B3D6F17}.Debug|Any CPU.ActiveCfg = Debug|Any CPU
		{1EAC9FAE-50B9-4C0C-A588-0F951B3D6F17}.Debug|Any CPU.Build.0 = Debug|Any CPU
		{1EAC9FAE-50B9-4C0C-A588-0F951B3D6F17}.Release|Any CPU.ActiveCfg = Release|Any CPU
		{1EAC9FAE-50B9-4C0C-A588-0F951B3D6F17}.Release|Any CPU.Build.0 = Release|Any CPU
		{D56CB9BC-44A3-4BE0-8DE2-D90635435B8E}.Debug|Any CPU.ActiveCfg = Debug|Any CPU
		{D56CB9BC-44A3-4BE0-8DE2-D90635435B8E}.Debug|Any CPU.Build.0 = Debug|Any CPU
		{D56CB9BC-44A3-4BE0-8DE2-D90635435B8E}.Release|Any CPU.ActiveCfg = Release|Any CPU
		{D56CB9BC-44A3-4BE0-8DE2-D90635435B8E}.Release|Any CPU.Build.0 = Release|Any CPU
	EndGlobalSection
EndGlobal
